
Microsoft Visual Studio Solution File, Format Version 12.00
# Visual Studio Version 17
VisualStudioVersion = 17.0.32014.148
MinimumVisualStudioVersion = 10.0.40219.1
Project("{FAE04EC0-301F-11D3-BF4B-00C04F79EFBC}") = "Showerme.bff", "Showerme.bff\Showerme.bff.csproj", "{C77F91D4-0217-401F-8661-48C0A6C14FD1}"
EndProject
Global
	GlobalSection(SolutionConfigurationPlatforms) = preSolution
		Debug|Any CPU = Debug|Any CPU
		Release|Any CPU = Release|Any CPU
	EndGlobalSection
	GlobalSection(ProjectConfigurationPlatforms) = postSolution
		{C77F91D4-0217-401F-8661-48C0A6C14FD1}.Debug|Any CPU.ActiveCfg = Debug|Any CPU
		{C77F91D4-0217-401F-8661-48C0A6C14FD1}.Debug|Any CPU.Build.0 = Debug|Any CPU
		{C77F91D4-0217-401F-8661-48C0A6C14FD1}.Release|Any CPU.ActiveCfg = Release|Any CPU
		{C77F91D4-0217-401F-8661-48C0A6C14FD1}.Release|Any CPU.Build.0 = Release|Any CPU
	EndGlobalSection
	GlobalSection(SolutionProperties) = preSolution
		HideSolutionNode = FALSE
	EndGlobalSection
	GlobalSection(ExtensibilityGlobals) = postSolution
		SolutionGuid = {08292C12-FFAC-4F38-9827-E736115F43EE}
	EndGlobalSection
EndGlobal
